// !$*UTF8*$!
{
	archiveVersion = 1;
	classes = {
	};
	objectVersion = 56;
	objects = {

/* Begin PBXBuildFile section */
		213A2E98435FBD9A78697E59 /* Pods_RoughPages.framework in Frameworks */ = {isa = PBXBuildFile; fileRef = D4A7381AD341E23D435D0240 /* Pods_RoughPages.framework */; };
		E6F467256160BC60232DC335 /* Pods_RoughPages_RoughPagesUITests.framework in Frameworks */ = {isa = PBXBuildFile; fileRef = F3264AA64CEC63ECD2B6AA4C /* Pods_RoughPages_RoughPagesUITests.framework */; };
		F5418A8ECB2870498F1B4AAC /* Pods_RoughPagesTests.framework in Frameworks */ = {isa = PBXBuildFile; fileRef = 739B29C56D46437DC1FE31B6 /* Pods_RoughPagesTests.framework */; };
		F6E4AF2729C92F9500A592ED /* PagesRowView.swift in Sources */ = {isa = PBXBuildFile; fileRef = F6E4AF2629C92F9500A592ED /* PagesRowView.swift */; };
		F6E4AF2B29C92FFA00A592ED /* PageView.swift in Sources */ = {isa = PBXBuildFile; fileRef = F6E4AF2A29C92FFA00A592ED /* PageView.swift */; };
		F6E4AF2D29C9408B00A592ED /* AddPageView.swift in Sources */ = {isa = PBXBuildFile; fileRef = F6E4AF2C29C9408B00A592ED /* AddPageView.swift */; };
		F6E4AF2F29C941D400A592ED /* AddButtonView.swift in Sources */ = {isa = PBXBuildFile; fileRef = F6E4AF2E29C941D400A592ED /* AddButtonView.swift */; };
		F6E4AF3129CA003100A592ED /* GoogleService-Info.plist in Resources */ = {isa = PBXBuildFile; fileRef = F6E4AF3029CA003100A592ED /* GoogleService-Info.plist */; };
		F6E4AF3529CA556B00A592ED /* Page.swift in Sources */ = {isa = PBXBuildFile; fileRef = F6E4AF3429CA556B00A592ED /* Page.swift */; };
		F6E4AF3829CA56E700A592ED /* PageViewModel.swift in Sources */ = {isa = PBXBuildFile; fileRef = F6E4AF3729CA56E700A592ED /* PageViewModel.swift */; };
		F6E5720C29C92A1200B8B8EB /* RoughPagesApp.swift in Sources */ = {isa = PBXBuildFile; fileRef = F6E5720B29C92A1200B8B8EB /* RoughPagesApp.swift */; };
		F6E5720E29C92A1200B8B8EB /* ContentView.swift in Sources */ = {isa = PBXBuildFile; fileRef = F6E5720D29C92A1200B8B8EB /* ContentView.swift */; };
		F6E5721029C92A1300B8B8EB /* Assets.xcassets in Resources */ = {isa = PBXBuildFile; fileRef = F6E5720F29C92A1300B8B8EB /* Assets.xcassets */; };
		F6E5721329C92A1300B8B8EB /* Preview Assets.xcassets in Resources */ = {isa = PBXBuildFile; fileRef = F6E5721229C92A1300B8B8EB /* Preview Assets.xcassets */; };
		F6E5721D29C92A1300B8B8EB /* RoughPagesTests.swift in Sources */ = {isa = PBXBuildFile; fileRef = F6E5721C29C92A1300B8B8EB /* RoughPagesTests.swift */; };
		F6E5722729C92A1300B8B8EB /* RoughPagesUITests.swift in Sources */ = {isa = PBXBuildFile; fileRef = F6E5722629C92A1300B8B8EB /* RoughPagesUITests.swift */; };
		F6E5722929C92A1300B8B8EB /* RoughPagesUITestsLaunchTests.swift in Sources */ = {isa = PBXBuildFile; fileRef = F6E5722829C92A1300B8B8EB /* RoughPagesUITestsLaunchTests.swift */; };
		F6F7902F29CD69E000F21C80 /* DetailView.swift in Sources */ = {isa = PBXBuildFile; fileRef = F6F7902E29CD69E000F21C80 /* DetailView.swift */; };
/* End PBXBuildFile section */

/* Begin PBXContainerItemProxy section */
		F6E5721929C92A1300B8B8EB /* PBXContainerItemProxy */ = {
			isa = PBXContainerItemProxy;
			containerPortal = F6E5720029C92A1100B8B8EB /* Project object */;
			proxyType = 1;
			remoteGlobalIDString = F6E5720729C92A1100B8B8EB;
			remoteInfo = RoughPages;
		};
		F6E5722329C92A1300B8B8EB /* PBXContainerItemProxy */ = {
			isa = PBXContainerItemProxy;
			containerPortal = F6E5720029C92A1100B8B8EB /* Project object */;
			proxyType = 1;
			remoteGlobalIDString = F6E5720729C92A1100B8B8EB;
			remoteInfo = RoughPages;
		};
/* End PBXContainerItemProxy section */

/* Begin PBXFileReference section */
		09B858910931E7ECD229C13F /* Pods-RoughPages-RoughPagesUITests.debug.xcconfig */ = {isa = PBXFileReference; includeInIndex = 1; lastKnownFileType = text.xcconfig; name = "Pods-RoughPages-RoughPagesUITests.debug.xcconfig"; path = "Target Support Files/Pods-RoughPages-RoughPagesUITests/Pods-RoughPages-RoughPagesUITests.debug.xcconfig"; sourceTree = "<group>"; };
		1C48FAA519E1B559B977CD7E /* Pods-RoughPages-RoughPagesUITests.release.xcconfig */ = {isa = PBXFileReference; includeInIndex = 1; lastKnownFileType = text.xcconfig; name = "Pods-RoughPages-RoughPagesUITests.release.xcconfig"; path = "Target Support Files/Pods-RoughPages-RoughPagesUITests/Pods-RoughPages-RoughPagesUITests.release.xcconfig"; sourceTree = "<group>"; };
		48CA60B179046F5B86D1F735 /* Pods-RoughPages.release.xcconfig */ = {isa = PBXFileReference; includeInIndex = 1; lastKnownFileType = text.xcconfig; name = "Pods-RoughPages.release.xcconfig"; path = "Target Support Files/Pods-RoughPages/Pods-RoughPages.release.xcconfig"; sourceTree = "<group>"; };
		739B29C56D46437DC1FE31B6 /* Pods_RoughPagesTests.framework */ = {isa = PBXFileReference; explicitFileType = wrapper.framework; includeInIndex = 0; path = Pods_RoughPagesTests.framework; sourceTree = BUILT_PRODUCTS_DIR; };
		D4A7381AD341E23D435D0240 /* Pods_RoughPages.framework */ = {isa = PBXFileReference; explicitFileType = wrapper.framework; includeInIndex = 0; path = Pods_RoughPages.framework; sourceTree = BUILT_PRODUCTS_DIR; };
		D9E68D207927C59B58E3307A /* Pods-RoughPagesTests.debug.xcconfig */ = {isa = PBXFileReference; includeInIndex = 1; lastKnownFileType = text.xcconfig; name = "Pods-RoughPagesTests.debug.xcconfig"; path = "Target Support Files/Pods-RoughPagesTests/Pods-RoughPagesTests.debug.xcconfig"; sourceTree = "<group>"; };
		F0B2ABA85408C3668289D8A5 /* Pods-RoughPages.debug.xcconfig */ = {isa = PBXFileReference; includeInIndex = 1; lastKnownFileType = text.xcconfig; name = "Pods-RoughPages.debug.xcconfig"; path = "Target Support Files/Pods-RoughPages/Pods-RoughPages.debug.xcconfig"; sourceTree = "<group>"; };
		F3264AA64CEC63ECD2B6AA4C /* Pods_RoughPages_RoughPagesUITests.framework */ = {isa = PBXFileReference; explicitFileType = wrapper.framework; includeInIndex = 0; path = Pods_RoughPages_RoughPagesUITests.framework; sourceTree = BUILT_PRODUCTS_DIR; };
		F6E4AF2629C92F9500A592ED /* PagesRowView.swift */ = {isa = PBXFileReference; lastKnownFileType = sourcecode.swift; path = PagesRowView.swift; sourceTree = "<group>"; };
		F6E4AF2A29C92FFA00A592ED /* PageView.swift */ = {isa = PBXFileReference; lastKnownFileType = sourcecode.swift; path = PageView.swift; sourceTree = "<group>"; };
		F6E4AF2C29C9408B00A592ED /* AddPageView.swift */ = {isa = PBXFileReference; lastKnownFileType = sourcecode.swift; path = AddPageView.swift; sourceTree = "<group>"; };
		F6E4AF2E29C941D400A592ED /* AddButtonView.swift */ = {isa = PBXFileReference; lastKnownFileType = sourcecode.swift; path = AddButtonView.swift; sourceTree = "<group>"; };
		F6E4AF3029CA003100A592ED /* GoogleService-Info.plist */ = {isa = PBXFileReference; fileEncoding = 4; lastKnownFileType = text.plist.xml; name = "GoogleService-Info.plist"; path = "../../../../Downloads/GoogleService-Info.plist"; sourceTree = "<group>"; };
		F6E4AF3229CA062A00A592ED /* Info.plist */ = {isa = PBXFileReference; lastKnownFileType = text.plist; path = Info.plist; sourceTree = "<group>"; };
		F6E4AF3429CA556B00A592ED /* Page.swift */ = {isa = PBXFileReference; lastKnownFileType = sourcecode.swift; path = Page.swift; sourceTree = "<group>"; };
		F6E4AF3729CA56E700A592ED /* PageViewModel.swift */ = {isa = PBXFileReference; lastKnownFileType = sourcecode.swift; path = PageViewModel.swift; sourceTree = "<group>"; };
		F6E5720829C92A1200B8B8EB /* RoughPages.app */ = {isa = PBXFileReference; explicitFileType = wrapper.application; includeInIndex = 0; path = RoughPages.app; sourceTree = BUILT_PRODUCTS_DIR; };
		F6E5720B29C92A1200B8B8EB /* RoughPagesApp.swift */ = {isa = PBXFileReference; lastKnownFileType = sourcecode.swift; path = RoughPagesApp.swift; sourceTree = "<group>"; };
		F6E5720D29C92A1200B8B8EB /* ContentView.swift */ = {isa = PBXFileReference; lastKnownFileType = sourcecode.swift; path = ContentView.swift; sourceTree = "<group>"; };
		F6E5720F29C92A1300B8B8EB /* Assets.xcassets */ = {isa = PBXFileReference; lastKnownFileType = folder.assetcatalog; path = Assets.xcassets; sourceTree = "<group>"; };
		F6E5721229C92A1300B8B8EB /* Preview Assets.xcassets */ = {isa = PBXFileReference; lastKnownFileType = folder.assetcatalog; path = "Preview Assets.xcassets"; sourceTree = "<group>"; };
		F6E5721829C92A1300B8B8EB /* RoughPagesTests.xctest */ = {isa = PBXFileReference; explicitFileType = wrapper.cfbundle; includeInIndex = 0; path = RoughPagesTests.xctest; sourceTree = BUILT_PRODUCTS_DIR; };
		F6E5721C29C92A1300B8B8EB /* RoughPagesTests.swift */ = {isa = PBXFileReference; lastKnownFileType = sourcecode.swift; path = RoughPagesTests.swift; sourceTree = "<group>"; };
		F6E5722229C92A1300B8B8EB /* RoughPagesUITests.xctest */ = {isa = PBXFileReference; explicitFileType = wrapper.cfbundle; includeInIndex = 0; path = RoughPagesUITests.xctest; sourceTree = BUILT_PRODUCTS_DIR; };
		F6E5722629C92A1300B8B8EB /* RoughPagesUITests.swift */ = {isa = PBXFileReference; lastKnownFileType = sourcecode.swift; path = RoughPagesUITests.swift; sourceTree = "<group>"; };
		F6E5722829C92A1300B8B8EB /* RoughPagesUITestsLaunchTests.swift */ = {isa = PBXFileReference; lastKnownFileType = sourcecode.swift; path = RoughPagesUITestsLaunchTests.swift; sourceTree = "<group>"; };
		F6F7902E29CD69E000F21C80 /* DetailView.swift */ = {isa = PBXFileReference; lastKnownFileType = sourcecode.swift; path = DetailView.swift; sourceTree = "<group>"; };
		FB00D438A0084F5BE1B4008F /* Pods-RoughPagesTests.release.xcconfig */ = {isa = PBXFileReference; includeInIndex = 1; lastKnownFileType = text.xcconfig; name = "Pods-RoughPagesTests.release.xcconfig"; path = "Target Support Files/Pods-RoughPagesTests/Pods-RoughPagesTests.release.xcconfig"; sourceTree = "<group>"; };
/* End PBXFileReference section */

/* Begin PBXFrameworksBuildPhase section */
		F6E5720529C92A1100B8B8EB /* Frameworks */ = {
			isa = PBXFrameworksBuildPhase;
			buildActionMask = 2147483647;
			files = (
				213A2E98435FBD9A78697E59 /* Pods_RoughPages.framework in Frameworks */,
			);
			runOnlyForDeploymentPostprocessing = 0;
		};
		F6E5721529C92A1300B8B8EB /* Frameworks */ = {
			isa = PBXFrameworksBuildPhase;
			buildActionMask = 2147483647;
			files = (
				F5418A8ECB2870498F1B4AAC /* Pods_RoughPagesTests.framework in Frameworks */,
			);
			runOnlyForDeploymentPostprocessing = 0;
		};
		F6E5721F29C92A1300B8B8EB /* Frameworks */ = {
			isa = PBXFrameworksBuildPhase;
			buildActionMask = 2147483647;
			files = (
				E6F467256160BC60232DC335 /* Pods_RoughPages_RoughPagesUITests.framework in Frameworks */,
			);
			runOnlyForDeploymentPostprocessing = 0;
		};
/* End PBXFrameworksBuildPhase section */

/* Begin PBXGroup section */
		8E6BF70CFE1FF4E4CEE189C3 /* Pods */ = {
			isa = PBXGroup;
			children = (
				F0B2ABA85408C3668289D8A5 /* Pods-RoughPages.debug.xcconfig */,
				48CA60B179046F5B86D1F735 /* Pods-RoughPages.release.xcconfig */,
				09B858910931E7ECD229C13F /* Pods-RoughPages-RoughPagesUITests.debug.xcconfig */,
				1C48FAA519E1B559B977CD7E /* Pods-RoughPages-RoughPagesUITests.release.xcconfig */,
				D9E68D207927C59B58E3307A /* Pods-RoughPagesTests.debug.xcconfig */,
				FB00D438A0084F5BE1B4008F /* Pods-RoughPagesTests.release.xcconfig */,
			);
			path = Pods;
			sourceTree = "<group>";
		};
		F6E4AF2329C92F3D00A592ED /* Views */ = {
			isa = PBXGroup;
			children = (
				F6E4AF2A29C92FFA00A592ED /* PageView.swift */,
				F6E5720D29C92A1200B8B8EB /* ContentView.swift */,
				F6E4AF2629C92F9500A592ED /* PagesRowView.swift */,
				F6E4AF2C29C9408B00A592ED /* AddPageView.swift */,
				F6E4AF2E29C941D400A592ED /* AddButtonView.swift */,
				F6F7902E29CD69E000F21C80 /* DetailView.swift */,
			);
			path = Views;
			sourceTree = "<group>";
		};
		F6E4AF3329CA54ED00A592ED /* Models */ = {
			isa = PBXGroup;
			children = (
				F6E4AF3429CA556B00A592ED /* Page.swift */,
			);
			path = Models;
			sourceTree = "<group>";
		};
		F6E4AF3629CA56CC00A592ED /* ViewModel */ = {
			isa = PBXGroup;
			children = (
				F6E4AF3729CA56E700A592ED /* PageViewModel.swift */,
			);
			path = ViewModel;
			sourceTree = "<group>";
		};
		F6E571FF29C92A1100B8B8EB = {
			isa = PBXGroup;
			children = (
				F6E5720A29C92A1200B8B8EB /* RoughPages */,
				F6E5721B29C92A1300B8B8EB /* RoughPagesTests */,
				F6E5722529C92A1300B8B8EB /* RoughPagesUITests */,
				F6E5720929C92A1200B8B8EB /* Products */,
				8E6BF70CFE1FF4E4CEE189C3 /* Pods */,
				FCBE2C289AFC99AC54DEE687 /* Frameworks */,
			);
			sourceTree = "<group>";
		};
		F6E5720929C92A1200B8B8EB /* Products */ = {
			isa = PBXGroup;
			children = (
				F6E5720829C92A1200B8B8EB /* RoughPages.app */,
				F6E5721829C92A1300B8B8EB /* RoughPagesTests.xctest */,
				F6E5722229C92A1300B8B8EB /* RoughPagesUITests.xctest */,
			);
			name = Products;
			sourceTree = "<group>";
		};
		F6E5720A29C92A1200B8B8EB /* RoughPages */ = {
			isa = PBXGroup;
			children = (
				F6E4AF3229CA062A00A592ED /* Info.plist */,
				F6E4AF2329C92F3D00A592ED /* Views */,
				F6E4AF3329CA54ED00A592ED /* Models */,
				F6E4AF3629CA56CC00A592ED /* ViewModel */,
				F6E5720B29C92A1200B8B8EB /* RoughPagesApp.swift */,
				F6E5720F29C92A1300B8B8EB /* Assets.xcassets */,
				F6E4AF3029CA003100A592ED /* GoogleService-Info.plist */,
				F6E5721129C92A1300B8B8EB /* Preview Content */,
			);
			path = RoughPages;
			sourceTree = "<group>";
		};
		F6E5721129C92A1300B8B8EB /* Preview Content */ = {
			isa = PBXGroup;
			children = (
				F6E5721229C92A1300B8B8EB /* Preview Assets.xcassets */,
			);
			path = "Preview Content";
			sourceTree = "<group>";
		};
		F6E5721B29C92A1300B8B8EB /* RoughPagesTests */ = {
			isa = PBXGroup;
			children = (
				F6E5721C29C92A1300B8B8EB /* RoughPagesTests.swift */,
			);
			path = RoughPagesTests;
			sourceTree = "<group>";
		};
		F6E5722529C92A1300B8B8EB /* RoughPagesUITests */ = {
			isa = PBXGroup;
			children = (
				F6E5722629C92A1300B8B8EB /* RoughPagesUITests.swift */,
				F6E5722829C92A1300B8B8EB /* RoughPagesUITestsLaunchTests.swift */,
			);
			path = RoughPagesUITests;
			sourceTree = "<group>";
		};
		FCBE2C289AFC99AC54DEE687 /* Frameworks */ = {
			isa = PBXGroup;
			children = (
				D4A7381AD341E23D435D0240 /* Pods_RoughPages.framework */,
				F3264AA64CEC63ECD2B6AA4C /* Pods_RoughPages_RoughPagesUITests.framework */,
				739B29C56D46437DC1FE31B6 /* Pods_RoughPagesTests.framework */,
			);
			name = Frameworks;
			sourceTree = "<group>";
		};
/* End PBXGroup section */

/* Begin PBXNativeTarget section */
		F6E5720729C92A1100B8B8EB /* RoughPages */ = {
			isa = PBXNativeTarget;
			buildConfigurationList = F6E5722C29C92A1300B8B8EB /* Build configuration list for PBXNativeTarget "RoughPages" */;
			buildPhases = (
				248F026CF0DA21CA541E83D7 /* [CP] Check Pods Manifest.lock */,
				F6E5720429C92A1100B8B8EB /* Sources */,
				F6E5720529C92A1100B8B8EB /* Frameworks */,
				F6E5720629C92A1100B8B8EB /* Resources */,
				CE0CA481116F3B2B6E769331 /* [CP] Embed Pods Frameworks */,
			);
			buildRules = (
			);
			dependencies = (
			);
			name = RoughPages;
			productName = RoughPages;
			productReference = F6E5720829C92A1200B8B8EB /* RoughPages.app */;
			productType = "com.apple.product-type.application";
		};
		F6E5721729C92A1300B8B8EB /* RoughPagesTests */ = {
			isa = PBXNativeTarget;
			buildConfigurationList = F6E5722F29C92A1300B8B8EB /* Build configuration list for PBXNativeTarget "RoughPagesTests" */;
			buildPhases = (
				E7D11761D8C4916F754408EB /* [CP] Check Pods Manifest.lock */,
				F6E5721429C92A1300B8B8EB /* Sources */,
				F6E5721529C92A1300B8B8EB /* Frameworks */,
				F6E5721629C92A1300B8B8EB /* Resources */,
			);
			buildRules = (
			);
			dependencies = (
				F6E5721A29C92A1300B8B8EB /* PBXTargetDependency */,
			);
			name = RoughPagesTests;
			productName = RoughPagesTests;
			productReference = F6E5721829C92A1300B8B8EB /* RoughPagesTests.xctest */;
			productType = "com.apple.product-type.bundle.unit-test";
		};
		F6E5722129C92A1300B8B8EB /* RoughPagesUITests */ = {
			isa = PBXNativeTarget;
			buildConfigurationList = F6E5723229C92A1300B8B8EB /* Build configuration list for PBXNativeTarget "RoughPagesUITests" */;
			buildPhases = (
				B1036AEAE704C4D736EC42C3 /* [CP] Check Pods Manifest.lock */,
				F6E5721E29C92A1300B8B8EB /* Sources */,
				F6E5721F29C92A1300B8B8EB /* Frameworks */,
				F6E5722029C92A1300B8B8EB /* Resources */,
				E2D659ABE4FBB8D7C7E93B8F /* [CP] Embed Pods Frameworks */,
			);
			buildRules = (
			);
			dependencies = (
				F6E5722429C92A1300B8B8EB /* PBXTargetDependency */,
			);
			name = RoughPagesUITests;
			productName = RoughPagesUITests;
			productReference = F6E5722229C92A1300B8B8EB /* RoughPagesUITests.xctest */;
			productType = "com.apple.product-type.bundle.ui-testing";
		};
/* End PBXNativeTarget section */

/* Begin PBXProject section */
		F6E5720029C92A1100B8B8EB /* Project object */ = {
			isa = PBXProject;
			attributes = {
				BuildIndependentTargetsInParallel = 1;
				LastSwiftUpdateCheck = 1420;
				LastUpgradeCheck = 1420;
				TargetAttributes = {
					F6E5720729C92A1100B8B8EB = {
						CreatedOnToolsVersion = 14.2;
					};
					F6E5721729C92A1300B8B8EB = {
						CreatedOnToolsVersion = 14.2;
						TestTargetID = F6E5720729C92A1100B8B8EB;
					};
					F6E5722129C92A1300B8B8EB = {
						CreatedOnToolsVersion = 14.2;
						TestTargetID = F6E5720729C92A1100B8B8EB;
					};
				};
			};
			buildConfigurationList = F6E5720329C92A1100B8B8EB /* Build configuration list for PBXProject "RoughPages" */;
			compatibilityVersion = "Xcode 14.0";
			developmentRegion = en;
			hasScannedForEncodings = 0;
			knownRegions = (
				en,
				Base,
			);
			mainGroup = F6E571FF29C92A1100B8B8EB;
			productRefGroup = F6E5720929C92A1200B8B8EB /* Products */;
			projectDirPath = "";
			projectRoot = "";
			targets = (
				F6E5720729C92A1100B8B8EB /* RoughPages */,
				F6E5721729C92A1300B8B8EB /* RoughPagesTests */,
				F6E5722129C92A1300B8B8EB /* RoughPagesUITests */,
			);
		};
/* End PBXProject section */

/* Begin PBXResourcesBuildPhase section */
		F6E5720629C92A1100B8B8EB /* Resources */ = {
			isa = PBXResourcesBuildPhase;
			buildActionMask = 2147483647;
			files = (
				F6E5721329C92A1300B8B8EB /* Preview Assets.xcassets in Resources */,
				F6E5721029C92A1300B8B8EB /* Assets.xcassets in Resources */,
				F6E4AF3129CA003100A592ED /* GoogleService-Info.plist in Resources */,
			);
			runOnlyForDeploymentPostprocessing = 0;
		};
		F6E5721629C92A1300B8B8EB /* Resources */ = {
			isa = PBXResourcesBuildPhase;
			buildActionMask = 2147483647;
			files = (
			);
			runOnlyForDeploymentPostprocessing = 0;
		};
		F6E5722029C92A1300B8B8EB /* Resources */ = {
			isa = PBXResourcesBuildPhase;
			buildActionMask = 2147483647;
			files = (
			);
			runOnlyForDeploymentPostprocessing = 0;
		};
/* End PBXResourcesBuildPhase section */

/* Begin PBXShellScriptBuildPhase section */
		248F026CF0DA21CA541E83D7 /* [CP] Check Pods Manifest.lock */ = {
			isa = PBXShellScriptBuildPhase;
			buildActionMask = 2147483647;
			files = (
			);
			inputFileListPaths = (
			);
			inputPaths = (
				"${PODS_PODFILE_DIR_PATH}/Podfile.lock",
				"${PODS_ROOT}/Manifest.lock",
			);
			name = "[CP] Check Pods Manifest.lock";
			outputFileListPaths = (
			);
			outputPaths = (
				"$(DERIVED_FILE_DIR)/Pods-RoughPages-checkManifestLockResult.txt",
			);
			runOnlyForDeploymentPostprocessing = 0;
			shellPath = /bin/sh;
			shellScript = "diff \"${PODS_PODFILE_DIR_PATH}/Podfile.lock\" \"${PODS_ROOT}/Manifest.lock\" > /dev/null\nif [ $? != 0 ] ; then\n    # print error to STDERR\n    echo \"error: The sandbox is not in sync with the Podfile.lock. Run 'pod install' or update your CocoaPods installation.\" >&2\n    exit 1\nfi\n# This output is used by Xcode 'outputs' to avoid re-running this script phase.\necho \"SUCCESS\" > \"${SCRIPT_OUTPUT_FILE_0}\"\n";
			showEnvVarsInLog = 0;
		};
		B1036AEAE704C4D736EC42C3 /* [CP] Check Pods Manifest.lock */ = {
			isa = PBXShellScriptBuildPhase;
			buildActionMask = 2147483647;
			files = (
			);
			inputFileListPaths = (
			);
			inputPaths = (
				"${PODS_PODFILE_DIR_PATH}/Podfile.lock",
				"${PODS_ROOT}/Manifest.lock",
			);
			name = "[CP] Check Pods Manifest.lock";
			outputFileListPaths = (
			);
			outputPaths = (
				"$(DERIVED_FILE_DIR)/Pods-RoughPages-RoughPagesUITests-checkManifestLockResult.txt",
			);
			runOnlyForDeploymentPostprocessing = 0;
			shellPath = /bin/sh;
			shellScript = "diff \"${PODS_PODFILE_DIR_PATH}/Podfile.lock\" \"${PODS_ROOT}/Manifest.lock\" > /dev/null\nif [ $? != 0 ] ; then\n    # print error to STDERR\n    echo \"error: The sandbox is not in sync with the Podfile.lock. Run 'pod install' or update your CocoaPods installation.\" >&2\n    exit 1\nfi\n# This output is used by Xcode 'outputs' to avoid re-running this script phase.\necho \"SUCCESS\" > \"${SCRIPT_OUTPUT_FILE_0}\"\n";
			showEnvVarsInLog = 0;
		};
		CE0CA481116F3B2B6E769331 /* [CP] Embed Pods Frameworks */ = {
			isa = PBXShellScriptBuildPhase;
			buildActionMask = 2147483647;
			files = (
			);
			inputFileListPaths = (
				"${PODS_ROOT}/Target Support Files/Pods-RoughPages/Pods-RoughPages-frameworks-${CONFIGURATION}-input-files.xcfilelist",
			);
			name = "[CP] Embed Pods Frameworks";
			outputFileListPaths = (
				"${PODS_ROOT}/Target Support Files/Pods-RoughPages/Pods-RoughPages-frameworks-${CONFIGURATION}-output-files.xcfilelist",
			);
			runOnlyForDeploymentPostprocessing = 0;
			shellPath = /bin/sh;
			shellScript = "\"${PODS_ROOT}/Target Support Files/Pods-RoughPages/Pods-RoughPages-frameworks.sh\"\n";
			showEnvVarsInLog = 0;
		};
		E2D659ABE4FBB8D7C7E93B8F /* [CP] Embed Pods Frameworks */ = {
			isa = PBXShellScriptBuildPhase;
			buildActionMask = 2147483647;
			files = (
			);
			inputFileListPaths = (
				"${PODS_ROOT}/Target Support Files/Pods-RoughPages-RoughPagesUITests/Pods-RoughPages-RoughPagesUITests-frameworks-${CONFIGURATION}-input-files.xcfilelist",
			);
			name = "[CP] Embed Pods Frameworks";
			outputFileListPaths = (
				"${PODS_ROOT}/Target Support Files/Pods-RoughPages-RoughPagesUITests/Pods-RoughPages-RoughPagesUITests-frameworks-${CONFIGURATION}-output-files.xcfilelist",
			);
			runOnlyForDeploymentPostprocessing = 0;
			shellPath = /bin/sh;
			shellScript = "\"${PODS_ROOT}/Target Support Files/Pods-RoughPages-RoughPagesUITests/Pods-RoughPages-RoughPagesUITests-frameworks.sh\"\n";
			showEnvVarsInLog = 0;
		};
		E7D11761D8C4916F754408EB /* [CP] Check Pods Manifest.lock */ = {
			isa = PBXShellScriptBuildPhase;
			buildActionMask = 2147483647;
			files = (
			);
			inputFileListPaths = (
			);
			inputPaths = (
				"${PODS_PODFILE_DIR_PATH}/Podfile.lock",
				"${PODS_ROOT}/Manifest.lock",
			);
			name = "[CP] Check Pods Manifest.lock";
			outputFileListPaths = (
			);
			outputPaths = (
				"$(DERIVED_FILE_DIR)/Pods-RoughPagesTests-checkManifestLockResult.txt",
			);
			runOnlyForDeploymentPostprocessing = 0;
			shellPath = /bin/sh;
			shellScript = "diff \"${PODS_PODFILE_DIR_PATH}/Podfile.lock\" \"${PODS_ROOT}/Manifest.lock\" > /dev/null\nif [ $? != 0 ] ; then\n    # print error to STDERR\n    echo \"error: The sandbox is not in sync with the Podfile.lock. Run 'pod install' or update your CocoaPods installation.\" >&2\n    exit 1\nfi\n# This output is used by Xcode 'outputs' to avoid re-running this script phase.\necho \"SUCCESS\" > \"${SCRIPT_OUTPUT_FILE_0}\"\n";
			showEnvVarsInLog = 0;
		};
/* End PBXShellScriptBuildPhase section */

/* Begin PBXSourcesBuildPhase section */
		F6E5720429C92A1100B8B8EB /* Sources */ = {
			isa = PBXSourcesBuildPhase;
			buildActionMask = 2147483647;
			files = (
				F6E5720E29C92A1200B8B8EB /* ContentView.swift in Sources */,
				F6F7902F29CD69E000F21C80 /* DetailView.swift in Sources */,
				F6E4AF2B29C92FFA00A592ED /* PageView.swift in Sources */,
				F6E5720C29C92A1200B8B8EB /* RoughPagesApp.swift in Sources */,
				F6E4AF2D29C9408B00A592ED /* AddPageView.swift in Sources */,
				F6E4AF3529CA556B00A592ED /* Page.swift in Sources */,
				F6E4AF2F29C941D400A592ED /* AddButtonView.swift in Sources */,
				F6E4AF2729C92F9500A592ED /* PagesRowView.swift in Sources */,
				F6E4AF3829CA56E700A592ED /* PageViewModel.swift in Sources */,
			);
			runOnlyForDeploymentPostprocessing = 0;
		};
		F6E5721429C92A1300B8B8EB /* Sources */ = {
			isa = PBXSourcesBuildPhase;
			buildActionMask = 2147483647;
			files = (
				F6E5721D29C92A1300B8B8EB /* RoughPagesTests.swift in Sources */,
			);
			runOnlyForDeploymentPostprocessing = 0;
		};
		F6E5721E29C92A1300B8B8EB /* Sources */ = {
			isa = PBXSourcesBuildPhase;
			buildActionMask = 2147483647;
			files = (
				F6E5722729C92A1300B8B8EB /* RoughPagesUITests.swift in Sources */,
				F6E5722929C92A1300B8B8EB /* RoughPagesUITestsLaunchTests.swift in Sources */,
			);
			runOnlyForDeploymentPostprocessing = 0;
		};
/* End PBXSourcesBuildPhase section */

/* Begin PBXTargetDependency section */
		F6E5721A29C92A1300B8B8EB /* PBXTargetDependency */ = {
			isa = PBXTargetDependency;
			target = F6E5720729C92A1100B8B8EB /* RoughPages */;
			targetProxy = F6E5721929C92A1300B8B8EB /* PBXContainerItemProxy */;
		};
		F6E5722429C92A1300B8B8EB /* PBXTargetDependency */ = {
			isa = PBXTargetDependency;
			target = F6E5720729C92A1100B8B8EB /* RoughPages */;
			targetProxy = F6E5722329C92A1300B8B8EB /* PBXContainerItemProxy */;
		};
/* End PBXTargetDependency section */

/* Begin XCBuildConfiguration section */
		F6E5722A29C92A1300B8B8EB /* Debug */ = {
			isa = XCBuildConfiguration;
			buildSettings = {
				ALWAYS_SEARCH_USER_PATHS = NO;
				CLANG_ANALYZER_NONNULL = YES;
				CLANG_ANALYZER_NUMBER_OBJECT_CONVERSION = YES_AGGRESSIVE;
				CLANG_CXX_LANGUAGE_STANDARD = "gnu++20";
				CLANG_ENABLE_MODULES = YES;
				CLANG_ENABLE_OBJC_ARC = YES;
				CLANG_ENABLE_OBJC_WEAK = YES;
				CLANG_WARN_BLOCK_CAPTURE_AUTORELEASING = YES;
				CLANG_WARN_BOOL_CONVERSION = YES;
				CLANG_WARN_COMMA = YES;
				CLANG_WARN_CONSTANT_CONVERSION = YES;
				CLANG_WARN_DEPRECATED_OBJC_IMPLEMENTATIONS = YES;
				CLANG_WARN_DIRECT_OBJC_ISA_USAGE = YES_ERROR;
				CLANG_WARN_DOCUMENTATION_COMMENTS = YES;
				CLANG_WARN_EMPTY_BODY = YES;
				CLANG_WARN_ENUM_CONVERSION = YES;
				CLANG_WARN_INFINITE_RECURSION = YES;
				CLANG_WARN_INT_CONVERSION = YES;
				CLANG_WARN_NON_LITERAL_NULL_CONVERSION = YES;
				CLANG_WARN_OBJC_IMPLICIT_RETAIN_SELF = YES;
				CLANG_WARN_OBJC_LITERAL_CONVERSION = YES;
				CLANG_WARN_OBJC_ROOT_CLASS = YES_ERROR;
				CLANG_WARN_QUOTED_INCLUDE_IN_FRAMEWORK_HEADER = YES;
				CLANG_WARN_RANGE_LOOP_ANALYSIS = YES;
				CLANG_WARN_STRICT_PROTOTYPES = YES;
				CLANG_WARN_SUSPICIOUS_MOVE = YES;
				CLANG_WARN_UNGUARDED_AVAILABILITY = YES_AGGRESSIVE;
				CLANG_WARN_UNREACHABLE_CODE = YES;
				CLANG_WARN__DUPLICATE_METHOD_MATCH = YES;
				COPY_PHASE_STRIP = NO;
				DEBUG_INFORMATION_FORMAT = dwarf;
				ENABLE_STRICT_OBJC_MSGSEND = YES;
				ENABLE_TESTABILITY = YES;
				GCC_C_LANGUAGE_STANDARD = gnu11;
				GCC_DYNAMIC_NO_PIC = NO;
				GCC_NO_COMMON_BLOCKS = YES;
				GCC_OPTIMIZATION_LEVEL = 0;
				GCC_PREPROCESSOR_DEFINITIONS = (
					"DEBUG=1",
					"$(inherited)",
				);
				GCC_WARN_64_TO_32_BIT_CONVERSION = YES;
				GCC_WARN_ABOUT_RETURN_TYPE = YES_ERROR;
				GCC_WARN_UNDECLARED_SELECTOR = YES;
				GCC_WARN_UNINITIALIZED_AUTOS = YES_AGGRESSIVE;
				GCC_WARN_UNUSED_FUNCTION = YES;
				GCC_WARN_UNUSED_VARIABLE = YES;
				IPHONEOS_DEPLOYMENT_TARGET = 16.2;
				MTL_ENABLE_DEBUG_INFO = INCLUDE_SOURCE;
				MTL_FAST_MATH = YES;
				ONLY_ACTIVE_ARCH = YES;
				SDKROOT = iphoneos;
				SWIFT_ACTIVE_COMPILATION_CONDITIONS = DEBUG;
				SWIFT_OPTIMIZATION_LEVEL = "-Onone";
			};
			name = Debug;
		};
		F6E5722B29C92A1300B8B8EB /* Release */ = {
			isa = XCBuildConfiguration;
			buildSettings = {
				ALWAYS_SEARCH_USER_PATHS = NO;
				CLANG_ANALYZER_NONNULL = YES;
				CLANG_ANALYZER_NUMBER_OBJECT_CONVERSION = YES_AGGRESSIVE;
				CLANG_CXX_LANGUAGE_STANDARD = "gnu++20";
				CLANG_ENABLE_MODULES = YES;
				CLANG_ENABLE_OBJC_ARC = YES;
				CLANG_ENABLE_OBJC_WEAK = YES;
				CLANG_WARN_BLOCK_CAPTURE_AUTORELEASING = YES;
				CLANG_WARN_BOOL_CONVERSION = YES;
				CLANG_WARN_COMMA = YES;
				CLANG_WARN_CONSTANT_CONVERSION = YES;
				CLANG_WARN_DEPRECATED_OBJC_IMPLEMENTATIONS = YES;
				CLANG_WARN_DIRECT_OBJC_ISA_USAGE = YES_ERROR;
				CLANG_WARN_DOCUMENTATION_COMMENTS = YES;
				CLANG_WARN_EMPTY_BODY = YES;
				CLANG_WARN_ENUM_CONVERSION = YES;
				CLANG_WARN_INFINITE_RECURSION = YES;
				CLANG_WARN_INT_CONVERSION = YES;
				CLANG_WARN_NON_LITERAL_NULL_CONVERSION = YES;
				CLANG_WARN_OBJC_IMPLICIT_RETAIN_SELF = YES;
				CLANG_WARN_OBJC_LITERAL_CONVERSION = YES;
				CLANG_WARN_OBJC_ROOT_CLASS = YES_ERROR;
				CLANG_WARN_QUOTED_INCLUDE_IN_FRAMEWORK_HEADER = YES;
				CLANG_WARN_RANGE_LOOP_ANALYSIS = YES;
				CLANG_WARN_STRICT_PROTOTYPES = YES;
				CLANG_WARN_SUSPICIOUS_MOVE = YES;
				CLANG_WARN_UNGUARDED_AVAILABILITY = YES_AGGRESSIVE;
				CLANG_WARN_UNREACHABLE_CODE = YES;
				CLANG_WARN__DUPLICATE_METHOD_MATCH = YES;
				COPY_PHASE_STRIP = NO;
				DEBUG_INFORMATION_FORMAT = "dwarf-with-dsym";
				ENABLE_NS_ASSERTIONS = NO;
				ENABLE_STRICT_OBJC_MSGSEND = YES;
				GCC_C_LANGUAGE_STANDARD = gnu11;
				GCC_NO_COMMON_BLOCKS = YES;
				GCC_WARN_64_TO_32_BIT_CONVERSION = YES;
				GCC_WARN_ABOUT_RETURN_TYPE = YES_ERROR;
				GCC_WARN_UNDECLARED_SELECTOR = YES;
				GCC_WARN_UNINITIALIZED_AUTOS = YES_AGGRESSIVE;
				GCC_WARN_UNUSED_FUNCTION = YES;
				GCC_WARN_UNUSED_VARIABLE = YES;
				IPHONEOS_DEPLOYMENT_TARGET = 16.2;
				MTL_ENABLE_DEBUG_INFO = NO;
				MTL_FAST_MATH = YES;
				SDKROOT = iphoneos;
				SWIFT_COMPILATION_MODE = wholemodule;
				SWIFT_OPTIMIZATION_LEVEL = "-O";
				VALIDATE_PRODUCT = YES;
			};
			name = Release;
		};
		F6E5722D29C92A1300B8B8EB /* Debug */ = {
			isa = XCBuildConfiguration;
			baseConfigurationReference = F0B2ABA85408C3668289D8A5 /* Pods-RoughPages.debug.xcconfig */;
			buildSettings = {
				ASSETCATALOG_COMPILER_APPICON_NAME = AppIcon;
				ASSETCATALOG_COMPILER_GLOBAL_ACCENT_COLOR_NAME = AccentColor;
				CODE_SIGN_STYLE = Automatic;
				CURRENT_PROJECT_VERSION = 1;
				DEVELOPMENT_ASSET_PATHS = "\"RoughPages/Preview Content\"";
				ENABLE_PREVIEWS = YES;
				GENERATE_INFOPLIST_FILE = YES;
				INFOPLIST_FILE = RoughPages/Info.plist;
				INFOPLIST_KEY_UIApplicationSupportsIndirectInputEvents = YES;
				INFOPLIST_KEY_UILaunchScreen_Generation = YES;
				INFOPLIST_KEY_UISupportedInterfaceOrientations_iPad = "UIInterfaceOrientationPortrait UIInterfaceOrientationPortraitUpsideDown UIInterfaceOrientationLandscapeLeft UIInterfaceOrientationLandscapeRight";
				INFOPLIST_KEY_UISupportedInterfaceOrientations_iPhone = "UIInterfaceOrientationPortrait UIInterfaceOrientationLandscapeLeft UIInterfaceOrientationLandscapeRight";
				LD_RUNPATH_SEARCH_PATHS = (
					"$(inherited)",
					"@executable_path/Frameworks",
				);
				MARKETING_VERSION = 1.0;
				PRODUCT_BUNDLE_IDENTIFIER = com.hslaliya.RoughPages;
				PRODUCT_NAME = "$(TARGET_NAME)";
				SWIFT_EMIT_LOC_STRINGS = YES;
				SWIFT_VERSION = 5.0;
				TARGETED_DEVICE_FAMILY = "1,2";
			};
			name = Debug;
		};
		F6E5722E29C92A1300B8B8EB /* Release */ = {
			isa = XCBuildConfiguration;
			baseConfigurationReference = 48CA60B179046F5B86D1F735 /* Pods-RoughPages.release.xcconfig */;
			buildSettings = {
				ASSETCATALOG_COMPILER_APPICON_NAME = AppIcon;
				ASSETCATALOG_COMPILER_GLOBAL_ACCENT_COLOR_NAME = AccentColor;
				CODE_SIGN_STYLE = Automatic;
				CURRENT_PROJECT_VERSION = 1;
				DEVELOPMENT_ASSET_PATHS = "\"RoughPages/Preview Content\"";
				ENABLE_PREVIEWS = YES;
				GENERATE_INFOPLIST_FILE = YES;
				INFOPLIST_FILE = RoughPages/Info.plist;
				INFOPLIST_KEY_UIApplicationSupportsIndirectInputEvents = YES;
				INFOPLIST_KEY_UILaunchScreen_Generation = YES;
				INFOPLIST_KEY_UISupportedInterfaceOrientations_iPad = "UIInterfaceOrientationPortrait UIInterfaceOrientationPortraitUpsideDown UIInterfaceOrientationLandscapeLeft UIInterfaceOrientationLandscapeRight";
				INFOPLIST_KEY_UISupportedInterfaceOrientations_iPhone = "UIInterfaceOrientationPortrait UIInterfaceOrientationLandscapeLeft UIInterfaceOrientationLandscapeRight";
				LD_RUNPATH_SEARCH_PATHS = (
					"$(inherited)",
					"@executable_path/Frameworks",
				);
				MARKETING_VERSION = 1.0;
				PRODUCT_BUNDLE_IDENTIFIER = com.hslaliya.RoughPages;
				PRODUCT_NAME = "$(TARGET_NAME)";
				SWIFT_EMIT_LOC_STRINGS = YES;
				SWIFT_VERSION = 5.0;
				TARGETED_DEVICE_FAMILY = "1,2";
			};
			name = Release;
		};
		F6E5723029C92A1300B8B8EB /* Debug */ = {
			isa = XCBuildConfiguration;
			baseConfigurationReference = D9E68D207927C59B58E3307A /* Pods-RoughPagesTests.debug.xcconfig */;
			buildSettings = {
				ALWAYS_EMBED_SWIFT_STANDARD_LIBRARIES = YES;
				BUNDLE_LOADER = "$(TEST_HOST)";
				CODE_SIGN_STYLE = Automatic;
				CURRENT_PROJECT_VERSION = 1;
				GENERATE_INFOPLIST_FILE = YES;
				IPHONEOS_DEPLOYMENT_TARGET = 16.2;
				MARKETING_VERSION = 1.0;
				PRODUCT_BUNDLE_IDENTIFIER = com.hslaliya.RoughPagesTests;
				PRODUCT_NAME = "$(TARGET_NAME)";
				SWIFT_EMIT_LOC_STRINGS = NO;
				SWIFT_VERSION = 5.0;
				TARGETED_DEVICE_FAMILY = "1,2";
				TEST_HOST = "$(BUILT_PRODUCTS_DIR)/RoughPages.app/$(BUNDLE_EXECUTABLE_FOLDER_PATH)/RoughPages";
			};
			name = Debug;
		};
		F6E5723129C92A1300B8B8EB /* Release */ = {
			isa = XCBuildConfiguration;
			baseConfigurationReference = FB00D438A0084F5BE1B4008F /* Pods-RoughPagesTests.release.xcconfig */;
			buildSettings = {
				ALWAYS_EMBED_SWIFT_STANDARD_LIBRARIES = YES;
				BUNDLE_LOADER = "$(TEST_HOST)";
				CODE_SIGN_STYLE = Automatic;
				CURRENT_PROJECT_VERSION = 1;
				GENERATE_INFOPLIST_FILE = YES;
				IPHONEOS_DEPLOYMENT_TARGET = 16.2;
				MARKETING_VERSION = 1.0;
				PRODUCT_BUNDLE_IDENTIFIER = com.hslaliya.RoughPagesTests;
				PRODUCT_NAME = "$(TARGET_NAME)";
				SWIFT_EMIT_LOC_STRINGS = NO;
				SWIFT_VERSION = 5.0;
				TARGETED_DEVICE_FAMILY = "1,2";
				TEST_HOST = "$(BUILT_PRODUCTS_DIR)/RoughPages.app/$(BUNDLE_EXECUTABLE_FOLDER_PATH)/RoughPages";
			};
			name = Release;
		};
		F6E5723329C92A1300B8B8EB /* Debug */ = {
			isa = XCBuildConfiguration;
			baseConfigurationReference = 09B858910931E7ECD229C13F /* Pods-RoughPages-RoughPagesUITests.debug.xcconfig */;
			buildSettings = {
				ALWAYS_EMBED_SWIFT_STANDARD_LIBRARIES = YES;
				CODE_SIGN_STYLE = Automatic;
				CURRENT_PROJECT_VERSION = 1;
				GENERATE_INFOPLIST_FILE = YES;
				MARKETING_VERSION = 1.0;
				PRODUCT_BUNDLE_IDENTIFIER = com.hslaliya.RoughPagesUITests;
				PRODUCT_NAME = "$(TARGET_NAME)";
				SWIFT_EMIT_LOC_STRINGS = NO;
				SWIFT_VERSION = 5.0;
				TARGETED_DEVICE_FAMILY = "1,2";
				TEST_TARGET_NAME = RoughPages;
			};
			name = Debug;
		};
		F6E5723429C92A1300B8B8EB /* Release */ = {
			isa = XCBuildConfiguration;
			baseConfigurationReference = 1C48FAA519E1B559B977CD7E /* Pods-RoughPages-RoughPagesUITests.release.xcconfig */;
			buildSettings = {
				ALWAYS_EMBED_SWIFT_STANDARD_LIBRARIES = YES;
				CODE_SIGN_STYLE = Automatic;
				CURRENT_PROJECT_VERSION = 1;
				GENERATE_INFOPLIST_FILE = YES;
				MARKETING_VERSION = 1.0;
				PRODUCT_BUNDLE_IDENTIFIER = com.hslaliya.RoughPagesUITests;
				PRODUCT_NAME = "$(TARGET_NAME)";
				SWIFT_EMIT_LOC_STRINGS = NO;
				SWIFT_VERSION = 5.0;
				TARGETED_DEVICE_FAMILY = "1,2";
				TEST_TARGET_NAME = RoughPages;
			};
			name = Release;
		};
/* End XCBuildConfiguration section */

/* Begin XCConfigurationList section */
		F6E5720329C92A1100B8B8EB /* Build configuration list for PBXProject "RoughPages" */ = {
			isa = XCConfigurationList;
			buildConfigurations = (
				F6E5722A29C92A1300B8B8EB /* Debug */,
				F6E5722B29C92A1300B8B8EB /* Release */,
			);
			defaultConfigurationIsVisible = 0;
			defaultConfigurationName = Release;
		};
		F6E5722C29C92A1300B8B8EB /* Build configuration list for PBXNativeTarget "RoughPages" */ = {
			isa = XCConfigurationList;
			buildConfigurations = (
				F6E5722D29C92A1300B8B8EB /* Debug */,
				F6E5722E29C92A1300B8B8EB /* Release */,
			);
			defaultConfigurationIsVisible = 0;
			defaultConfigurationName = Release;
		};
		F6E5722F29C92A1300B8B8EB /* Build configuration list for PBXNativeTarget "RoughPagesTests" */ = {
			isa = XCConfigurationList;
			buildConfigurations = (
				F6E5723029C92A1300B8B8EB /* Debug */,
				F6E5723129C92A1300B8B8EB /* Release */,
			);
			defaultConfigurationIsVisible = 0;
			defaultConfigurationName = Release;
		};
		F6E5723229C92A1300B8B8EB /* Build configuration list for PBXNativeTarget "RoughPagesUITests" */ = {
			isa = XCConfigurationList;
			buildConfigurations = (
				F6E5723329C92A1300B8B8EB /* Debug */,
				F6E5723429C92A1300B8B8EB /* Release */,
			);
			defaultConfigurationIsVisible = 0;
			defaultConfigurationName = Release;
		};
/* End XCConfigurationList section */
	};
	rootObject = F6E5720029C92A1100B8B8EB /* Project object */;
}
